
Microsoft Visual Studio Solution File, Format Version 12.00
# Visual Studio Version 16
VisualStudioVersion = 16.0.30204.135
MinimumVisualStudioVersion = 10.0.40219.1
Project("{9A19103F-16F7-4668-BE54-9A1E7A4F7556}") = "WorkplaceOutbreakSimulatorConsole", "WorkplaceOutbreakSimulatorConsole\WorkplaceOutbreakSimulatorConsole.csproj", "{2E924DD2-FDD6-4359-B22A-AC1BFB32C0B7}"
EndProject
Project("{FAE04EC0-301F-11D3-BF4B-00C04F79EFBC}") = "WorkplaceOutbreakSimulatorEngine", "WorkplaceOutbreakSimulatorEngine\WorkplaceOutbreakSimulatorEngine.csproj", "{B10D996F-BBFF-4188-87EE-67A957DAA1D9}"
EndProject
Project("{FAE04EC0-301F-11D3-BF4B-00C04F79EFBC}") = "WorkplaceOutbreakSimulatorWebApp", "WorkplaceOutbreakSimulatorWebApp\WorkplaceOutbreakSimulatorWebApp.csproj", "{2B9012B4-380F-4122-BA81-581BD6094107}"
EndProject
Global
	GlobalSection(SolutionConfigurationPlatforms) = preSolution
		Debug|Any CPU = Debug|Any CPU
		Release|Any CPU = Release|Any CPU
	EndGlobalSection
	GlobalSection(ProjectConfigurationPlatforms) = postSolution
		{2E924DD2-FDD6-4359-B22A-AC1BFB32C0B7}.Debug|Any CPU.ActiveCfg = Debug|Any CPU
		{2E924DD2-FDD6-4359-B22A-AC1BFB32C0B7}.Debug|Any CPU.Build.0 = Debug|Any CPU
		{2E924DD2-FDD6-4359-B22A-AC1BFB32C0B7}.Release|Any CPU.ActiveCfg = Release|Any CPU
		{2E924DD2-FDD6-4359-B22A-AC1BFB32C0B7}.Release|Any CPU.Build.0 = Release|Any CPU
		{B10D996F-BBFF-4188-87EE-67A957DAA1D9}.Debug|Any CPU.ActiveCfg = Debug|Any CPU
		{B10D996F-BBFF-4188-87EE-67A957DAA1D9}.Debug|Any CPU.Build.0 = Debug|Any CPU
		{B10D996F-BBFF-4188-87EE-67A957DAA1D9}.Release|Any CPU.ActiveCfg = Release|Any CPU
		{B10D996F-BBFF-4188-87EE-67A957DAA1D9}.Release|Any CPU.Build.0 = Release|Any CPU
		{2B9012B4-380F-4122-BA81-581BD6094107}.Debug|Any CPU.ActiveCfg = Debug|Any CPU
		{2B9012B4-380F-4122-BA81-581BD6094107}.Debug|Any CPU.Build.0 = Debug|Any CPU
		{2B9012B4-380F-4122-BA81-581BD6094107}.Release|Any CPU.ActiveCfg = Release|Any CPU
		{2B9012B4-380F-4122-BA81-581BD6094107}.Release|Any CPU.Build.0 = Release|Any CPU
	EndGlobalSection
	GlobalSection(SolutionProperties) = preSolution
		HideSolutionNode = FALSE
	EndGlobalSection
	GlobalSection(ExtensibilityGlobals) = postSolution
		SolutionGuid = {32111BE0-5B8B-4FC5-88E2-129A27EABFA8}
	EndGlobalSection
EndGlobal
